
Microsoft Visual Studio Solution File, Format Version 12.00
# Visual Studio Version 16
VisualStudioVersion = 16.0.29403.142
MinimumVisualStudioVersion = 10.0.40219.1
Project("{FAE04EC0-301F-11D3-BF4B-00C04F79EFBC}") = "w3h1", "w3h1.csproj", "{AC9B5AD0-6836-4C08-9B7E-367D0D82AC37}"
EndProject
Global
	GlobalSection(SolutionConfigurationPlatforms) = preSolution
		Debug|Any CPU = Debug|Any CPU
		Release|Any CPU = Release|Any CPU
	EndGlobalSection
	GlobalSection(ProjectConfigurationPlatforms) = postSolution
		{AC9B5AD0-6836-4C08-9B7E-367D0D82AC37}.Debug|Any CPU.ActiveCfg = Debug|Any CPU
		{AC9B5AD0-6836-4C08-9B7E-367D0D82AC37}.Debug|Any CPU.Build.0 = Debug|Any CPU
		{AC9B5AD0-6836-4C08-9B7E-367D0D82AC37}.Release|Any CPU.ActiveCfg = Release|Any CPU
		{AC9B5AD0-6836-4C08-9B7E-367D0D82AC37}.Release|Any CPU.Build.0 = Release|Any CPU
	EndGlobalSection
	GlobalSection(SolutionProperties) = preSolution
		HideSolutionNode = FALSE
	EndGlobalSection
	GlobalSection(ExtensibilityGlobals) = postSolution
		SolutionGuid = {7285319D-34B6-4254-8C78-8C237E13D55D}
	EndGlobalSection
EndGlobal
